
Microsoft Visual Studio Solution File, Format Version 12.00
# Visual Studio 15
VisualStudioVersion = 15.0.27703.2026
MinimumVisualStudioVersion = 10.0.40219.1
Project("{9A19103F-16F7-4668-BE54-9A1E7A4F7556}") = "PseudoEBNF", "PseudoEBNF\PseudoEBNF.csproj", "{2ABA569E-372C-4C38-A460-75DD9998FC8D}"
EndProject
Project("{FAE04EC0-301F-11D3-BF4B-00C04F79EFBC}") = "Tests", "Tests\Tests.csproj", "{A9FA492D-2552-4A84-B928-04BBC018F084}"
EndProject
Project("{FAE04EC0-301F-11D3-BF4B-00C04F79EFBC}") = "ConsoleApp", "ConsoleApp\ConsoleApp.csproj", "{4E3804BB-F3B8-4D74-A64F-5645474B9554}"
EndProject
Global
	GlobalSection(SolutionConfigurationPlatforms) = preSolution
		Debug|Any CPU = Debug|Any CPU
		Release|Any CPU = Release|Any CPU
	EndGlobalSection
	GlobalSection(ProjectConfigurationPlatforms) = postSolution
		{2ABA569E-372C-4C38-A460-75DD9998FC8D}.Debug|Any CPU.ActiveCfg = Debug|Any CPU
		{2ABA569E-372C-4C38-A460-75DD9998FC8D}.Debug|Any CPU.Build.0 = Debug|Any CPU
		{2ABA569E-372C-4C38-A460-75DD9998FC8D}.Release|Any CPU.ActiveCfg = Release|Any CPU
		{2ABA569E-372C-4C38-A460-75DD9998FC8D}.Release|Any CPU.Build.0 = Release|Any CPU
		{A9FA492D-2552-4A84-B928-04BBC018F084}.Debug|Any CPU.ActiveCfg = Debug|Any CPU
		{A9FA492D-2552-4A84-B928-04BBC018F084}.Debug|Any CPU.Build.0 = Debug|Any CPU
		{A9FA492D-2552-4A84-B928-04BBC018F084}.Release|Any CPU.ActiveCfg = Release|Any CPU
		{A9FA492D-2552-4A84-B928-04BBC018F084}.Release|Any CPU.Build.0 = Release|Any CPU
		{4E3804BB-F3B8-4D74-A64F-5645474B9554}.Debug|Any CPU.ActiveCfg = Debug|Any CPU
		{4E3804BB-F3B8-4D74-A64F-5645474B9554}.Debug|Any CPU.Build.0 = Debug|Any CPU
		{4E3804BB-F3B8-4D74-A64F-5645474B9554}.Release|Any CPU.ActiveCfg = Release|Any CPU
		{4E3804BB-F3B8-4D74-A64F-5645474B9554}.Release|Any CPU.Build.0 = Release|Any CPU
	EndGlobalSection
	GlobalSection(SolutionProperties) = preSolution
		HideSolutionNode = FALSE
	EndGlobalSection
	GlobalSection(ExtensibilityGlobals) = postSolution
		SolutionGuid = {D2082390-05FE-400F-BEC5-BE1212193989}
	EndGlobalSection
EndGlobal
